# This file is autogenerated, do not edit; changes may be undone by the next 'dep ensure'.


[[projects]]
  branch = "master"
  digest = "1:6083fc4e90fe661aad326c42fa16fb85774cb55711560d1208c82ff290534836"
  name = "github.com/bitrise-io/go-utils"
  packages = [
    "colorstring",
    "command",
    "errorutil",
    "log",
    "pathutil",
  ]
  pruneopts = ""
  revision = "2a09aab8380d7842750328aebd5671bcccea89c8"

[[projects]]
  branch = "master"
  digest = "1:aec9b4ea9f66670718f06a3cce41ae968dda3dd0fc1a7294f1bb81b63045a321"
  name = "github.com/kitasuke/go-swift"
  packages = [
    "models",
    "swift",
    "utility",
  ]
  pruneopts = ""
  revision = "71216ae6e92e0b69ffc5458454ea31a913f10833"

[solve-meta]
  analyzer-name = "dep"
  analyzer-version = 1
  input-imports = [
    "github.com/bitrise-io/go-utils/log",
    "github.com/kitasuke/go-swift/swift",
    "github.com/kitasuke/go-swift/utility",
  ]
  solver-name = "gps-cdcl"
  solver-version = 1
